
Microsoft Visual Studio Solution File, Format Version 12.00
# Visual Studio Version 16
VisualStudioVersion = 16.0.30225.117
MinimumVisualStudioVersion = 10.0.40219.1
Project("{FAE04EC0-301F-11D3-BF4B-00C04F79EFBC}") = "AutomatingLinkedIn", "AutomatingLinkedIn\AutomatingLinkedIn.csproj", "{EB3235FD-E1F0-4790-B01F-B0D1F89E7173}"
EndProject
Global
	GlobalSection(SolutionConfigurationPlatforms) = preSolution
		Debug|Any CPU = Debug|Any CPU
		Release|Any CPU = Release|Any CPU
	EndGlobalSection
	GlobalSection(ProjectConfigurationPlatforms) = postSolution
		{EB3235FD-E1F0-4790-B01F-B0D1F89E7173}.Debug|Any CPU.ActiveCfg = Debug|Any CPU
		{EB3235FD-E1F0-4790-B01F-B0D1F89E7173}.Debug|Any CPU.Build.0 = Debug|Any CPU
		{EB3235FD-E1F0-4790-B01F-B0D1F89E7173}.Release|Any CPU.ActiveCfg = Release|Any CPU
		{EB3235FD-E1F0-4790-B01F-B0D1F89E7173}.Release|Any CPU.Build.0 = Release|Any CPU
	EndGlobalSection
	GlobalSection(SolutionProperties) = preSolution
		HideSolutionNode = FALSE
	EndGlobalSection
	GlobalSection(ExtensibilityGlobals) = postSolution
		SolutionGuid = {B607EA3B-5702-4C32-A538-F14409CF7B03}
	EndGlobalSection
EndGlobal
